
Microsoft Visual Studio Solution File, Format Version 11.00
# Visual Studio 2010
Project("{FAE04EC0-301F-11D3-BF4B-00C04F79EFBC}") = "Xamarin.PSD.Demo", "Xamarin.PSD.Demo\Xamarin.PSD.Demo.csproj", "{540F9B7F-D4F6-40AE-929E-073311C40EA7}"
EndProject
Project("{FAE04EC0-301F-11D3-BF4B-00C04F79EFBC}") = "Xamarin.PSD", "Xamarin.PSD\Xamarin.PSD.csproj", "{42B57BDB-02C1-4F3C-9245-23F3F1B2978C}"
EndProject
Global
	GlobalSection(SolutionConfigurationPlatforms) = preSolution
		Debug|iPhoneSimulator = Debug|iPhoneSimulator
		Release|iPhoneSimulator = Release|iPhoneSimulator
		Debug|iPhone = Debug|iPhone
		Release|iPhone = Release|iPhone
		Ad-Hoc|iPhone = Ad-Hoc|iPhone
		AppStore|iPhone = AppStore|iPhone
	EndGlobalSection
	GlobalSection(ProjectConfigurationPlatforms) = postSolution
		{42B57BDB-02C1-4F3C-9245-23F3F1B2978C}.Ad-Hoc|iPhone.ActiveCfg = Release|Any CPU
		{42B57BDB-02C1-4F3C-9245-23F3F1B2978C}.Ad-Hoc|iPhone.Build.0 = Release|Any CPU
		{42B57BDB-02C1-4F3C-9245-23F3F1B2978C}.AppStore|iPhone.ActiveCfg = Release|Any CPU
		{42B57BDB-02C1-4F3C-9245-23F3F1B2978C}.AppStore|iPhone.Build.0 = Release|Any CPU
		{42B57BDB-02C1-4F3C-9245-23F3F1B2978C}.Debug|iPhone.ActiveCfg = Debug|Any CPU
		{42B57BDB-02C1-4F3C-9245-23F3F1B2978C}.Debug|iPhone.Build.0 = Debug|Any CPU
		{42B57BDB-02C1-4F3C-9245-23F3F1B2978C}.Debug|iPhoneSimulator.ActiveCfg = Debug|Any CPU
		{42B57BDB-02C1-4F3C-9245-23F3F1B2978C}.Debug|iPhoneSimulator.Build.0 = Debug|Any CPU
		{42B57BDB-02C1-4F3C-9245-23F3F1B2978C}.Release|iPhone.ActiveCfg = Release|Any CPU
		{42B57BDB-02C1-4F3C-9245-23F3F1B2978C}.Release|iPhone.Build.0 = Release|Any CPU
		{42B57BDB-02C1-4F3C-9245-23F3F1B2978C}.Release|iPhoneSimulator.ActiveCfg = Release|Any CPU
		{42B57BDB-02C1-4F3C-9245-23F3F1B2978C}.Release|iPhoneSimulator.Build.0 = Release|Any CPU
		{540F9B7F-D4F6-40AE-929E-073311C40EA7}.Ad-Hoc|iPhone.ActiveCfg = Ad-Hoc|iPhone
		{540F9B7F-D4F6-40AE-929E-073311C40EA7}.Ad-Hoc|iPhone.Build.0 = Ad-Hoc|iPhone
		{540F9B7F-D4F6-40AE-929E-073311C40EA7}.AppStore|iPhone.ActiveCfg = AppStore|iPhone
		{540F9B7F-D4F6-40AE-929E-073311C40EA7}.AppStore|iPhone.Build.0 = AppStore|iPhone
		{540F9B7F-D4F6-40AE-929E-073311C40EA7}.Debug|iPhone.ActiveCfg = Debug|iPhone
		{540F9B7F-D4F6-40AE-929E-073311C40EA7}.Debug|iPhone.Build.0 = Debug|iPhone
		{540F9B7F-D4F6-40AE-929E-073311C40EA7}.Debug|iPhoneSimulator.ActiveCfg = Debug|iPhoneSimulator
		{540F9B7F-D4F6-40AE-929E-073311C40EA7}.Debug|iPhoneSimulator.Build.0 = Debug|iPhoneSimulator
		{540F9B7F-D4F6-40AE-929E-073311C40EA7}.Release|iPhone.ActiveCfg = Release|iPhone
		{540F9B7F-D4F6-40AE-929E-073311C40EA7}.Release|iPhone.Build.0 = Release|iPhone
		{540F9B7F-D4F6-40AE-929E-073311C40EA7}.Release|iPhoneSimulator.ActiveCfg = Release|iPhoneSimulator
		{540F9B7F-D4F6-40AE-929E-073311C40EA7}.Release|iPhoneSimulator.Build.0 = Release|iPhoneSimulator
	EndGlobalSection
	GlobalSection(MonoDevelopProperties) = preSolution
		StartupItem = Xamarin.PSD.Demo\Xamarin.PSD.Demo.csproj
	EndGlobalSection
EndGlobal
